
Microsoft Visual Studio Solution File, Format Version 12.00
# Visual Studio Version 16
VisualStudioVersion = 16.0.30611.23
MinimumVisualStudioVersion = 10.0.40219.1
Project("{FAE04EC0-301F-11D3-BF4B-00C04F79EFBC}") = "SimpleCalculator", "SimpleCalculator\SimpleCalculator.csproj", "{BBD87F1D-48E8-4756-96A5-DF2AB795C7E0}"
EndProject
Global
	GlobalSection(SolutionConfigurationPlatforms) = preSolution
		Debug|Any CPU = Debug|Any CPU
		Release|Any CPU = Release|Any CPU
	EndGlobalSection
	GlobalSection(ProjectConfigurationPlatforms) = postSolution
		{BBD87F1D-48E8-4756-96A5-DF2AB795C7E0}.Debug|Any CPU.ActiveCfg = Debug|Any CPU
		{BBD87F1D-48E8-4756-96A5-DF2AB795C7E0}.Debug|Any CPU.Build.0 = Debug|Any CPU
		{BBD87F1D-48E8-4756-96A5-DF2AB795C7E0}.Release|Any CPU.ActiveCfg = Release|Any CPU
		{BBD87F1D-48E8-4756-96A5-DF2AB795C7E0}.Release|Any CPU.Build.0 = Release|Any CPU
	EndGlobalSection
	GlobalSection(SolutionProperties) = preSolution
		HideSolutionNode = FALSE
	EndGlobalSection
	GlobalSection(ExtensibilityGlobals) = postSolution
		SolutionGuid = {929158C1-BC32-4502-81CE-628F7679D4ED}
	EndGlobalSection
EndGlobal
